
Microsoft Visual Studio Solution File, Format Version 12.00
# Visual Studio Version 17
VisualStudioVersion = 17.3.32901.215
MinimumVisualStudioVersion = 10.0.40219.1
Project("{FAE04EC0-301F-11D3-BF4B-00C04F79EFBC}") = "AlwaysSuccess", "AlwaysSuccess.csproj", "{F7C3E0D8-494D-4AE4-8ABE-FCE5257E0B27}"
EndProject
Global
	GlobalSection(SolutionConfigurationPlatforms) = preSolution
		Debug|Any CPU = Debug|Any CPU
		Release|Any CPU = Release|Any CPU
	EndGlobalSection
	GlobalSection(ProjectConfigurationPlatforms) = postSolution
		{F7C3E0D8-494D-4AE4-8ABE-FCE5257E0B27}.Debug|Any CPU.ActiveCfg = Debug|Any CPU
		{F7C3E0D8-494D-4AE4-8ABE-FCE5257E0B27}.Debug|Any CPU.Build.0 = Debug|Any CPU
		{F7C3E0D8-494D-4AE4-8ABE-FCE5257E0B27}.Release|Any CPU.ActiveCfg = Release|Any CPU
		{F7C3E0D8-494D-4AE4-8ABE-FCE5257E0B27}.Release|Any CPU.Build.0 = Release|Any CPU
	EndGlobalSection
	GlobalSection(SolutionProperties) = preSolution
		HideSolutionNode = FALSE
	EndGlobalSection
	GlobalSection(ExtensibilityGlobals) = postSolution
		SolutionGuid = {72EF3341-2BD5-4DF7-B751-362BACBC018B}
	EndGlobalSection
EndGlobal
